
Microsoft Visual Studio Solution File, Format Version 12.00
# Visual Studio Version 17
VisualStudioVersion = 17.9.34728.123
MinimumVisualStudioVersion = 10.0.40219.1
Project("{FAE04EC0-301F-11D3-BF4B-00C04F79EFBC}") = "HomeWork6.3", "HomeWork6.3\HomeWork6.3.csproj", "{BBF68421-F0B5-41DB-A4C9-59DB3DE13585}"
EndProject
Global
	GlobalSection(SolutionConfigurationPlatforms) = preSolution
		Debug|Any CPU = Debug|Any CPU
		Release|Any CPU = Release|Any CPU
	EndGlobalSection
	GlobalSection(ProjectConfigurationPlatforms) = postSolution
		{BBF68421-F0B5-41DB-A4C9-59DB3DE13585}.Debug|Any CPU.ActiveCfg = Debug|Any CPU
		{BBF68421-F0B5-41DB-A4C9-59DB3DE13585}.Debug|Any CPU.Build.0 = Debug|Any CPU
		{BBF68421-F0B5-41DB-A4C9-59DB3DE13585}.Release|Any CPU.ActiveCfg = Release|Any CPU
		{BBF68421-F0B5-41DB-A4C9-59DB3DE13585}.Release|Any CPU.Build.0 = Release|Any CPU
	EndGlobalSection
	GlobalSection(SolutionProperties) = preSolution
		HideSolutionNode = FALSE
	EndGlobalSection
	GlobalSection(ExtensibilityGlobals) = postSolution
		SolutionGuid = {52B887D8-FF68-4D33-96FD-2411FF3BF4ED}
	EndGlobalSection
EndGlobal
